
Microsoft Visual Studio Solution File, Format Version 12.00
# Visual Studio 2012
Project("{070BCB52-5A75-4F8C-A973-144AF0EAFCC9}") = "LinkedJazzHybrid", "LinkedJazzHybrid\LinkedJazzHybrid.iceproj", "{51AD52F1-BA2B-44AC-9338-181843B00794}"
EndProject
Global
	GlobalSection(SolutionConfigurationPlatforms) = preSolution
		Debug|Any CPU = Debug|Any CPU
		Release|Any CPU = Release|Any CPU
	EndGlobalSection
	GlobalSection(ProjectConfigurationPlatforms) = postSolution
		{51AD52F1-BA2B-44AC-9338-181843B00794}.Debug|Any CPU.ActiveCfg = Debug|Any CPU
		{51AD52F1-BA2B-44AC-9338-181843B00794}.Debug|Any CPU.Build.0 = Debug|Any CPU
		{51AD52F1-BA2B-44AC-9338-181843B00794}.Release|Any CPU.ActiveCfg = Release|Any CPU
		{51AD52F1-BA2B-44AC-9338-181843B00794}.Release|Any CPU.Build.0 = Release|Any CPU
	EndGlobalSection
	GlobalSection(SolutionProperties) = preSolution
		HideSolutionNode = FALSE
	EndGlobalSection
EndGlobal
